
Microsoft Visual Studio Solution File, Format Version 12.00
# Visual Studio Version 16
VisualStudioVersion = 16.0.29230.47
MinimumVisualStudioVersion = 10.0.40219.1
Project("{FAE04EC0-301F-11D3-BF4B-00C04F79EFBC}") = "Nexus", "Nexus\Nexus.csproj", "{81A87696-6A63-4EC1-94FB-979A290F8740}"
EndProject
Global
	GlobalSection(SolutionConfigurationPlatforms) = preSolution
		Debug|Any CPU = Debug|Any CPU
		Release|Any CPU = Release|Any CPU
	EndGlobalSection
	GlobalSection(ProjectConfigurationPlatforms) = postSolution
		{81A87696-6A63-4EC1-94FB-979A290F8740}.Debug|Any CPU.ActiveCfg = Debug|Any CPU
		{81A87696-6A63-4EC1-94FB-979A290F8740}.Debug|Any CPU.Build.0 = Debug|Any CPU
		{81A87696-6A63-4EC1-94FB-979A290F8740}.Release|Any CPU.ActiveCfg = Release|Any CPU
		{81A87696-6A63-4EC1-94FB-979A290F8740}.Release|Any CPU.Build.0 = Release|Any CPU
	EndGlobalSection
	GlobalSection(SolutionProperties) = preSolution
		HideSolutionNode = FALSE
	EndGlobalSection
	GlobalSection(ExtensibilityGlobals) = postSolution
		SolutionGuid = {3B7D6D89-68E5-4196-8941-424F3693B4CC}
	EndGlobalSection
EndGlobal
